
Microsoft Visual Studio Solution File, Format Version 12.00
# Visual Studio Version 16
VisualStudioVersion = 16.0.31624.102
MinimumVisualStudioVersion = 10.0.40219.1
Project("{FAE04EC0-301F-11D3-BF4B-00C04F79EFBC}") = "huoyan.XWDalsa", "huoyan.XWDalsa\huoyan.XWDalsa.csproj", "{511BEFB1-22CB-4DBE-ABC0-ADECBDED9CE1}"
EndProject
Global
	GlobalSection(SolutionConfigurationPlatforms) = preSolution
		Debug|Any CPU = Debug|Any CPU
		Release|Any CPU = Release|Any CPU
	EndGlobalSection
	GlobalSection(ProjectConfigurationPlatforms) = postSolution
		{511BEFB1-22CB-4DBE-ABC0-ADECBDED9CE1}.Debug|Any CPU.ActiveCfg = Debug|Any CPU
		{511BEFB1-22CB-4DBE-ABC0-ADECBDED9CE1}.Debug|Any CPU.Build.0 = Debug|Any CPU
		{511BEFB1-22CB-4DBE-ABC0-ADECBDED9CE1}.Release|Any CPU.ActiveCfg = Release|Any CPU
		{511BEFB1-22CB-4DBE-ABC0-ADECBDED9CE1}.Release|Any CPU.Build.0 = Release|Any CPU
	EndGlobalSection
	GlobalSection(SolutionProperties) = preSolution
		HideSolutionNode = FALSE
	EndGlobalSection
	GlobalSection(ExtensibilityGlobals) = postSolution
		SolutionGuid = {54BB3ECF-9D98-4CDF-9E4A-7A9988D0181C}
	EndGlobalSection
EndGlobal
